
Microsoft Visual Studio Solution File, Format Version 12.00
# Visual Studio Version 17
VisualStudioVersion = 17.6.33829.357
MinimumVisualStudioVersion = 10.0.40219.1
Project("{888888A0-9F3D-457C-B088-3A5042F75D52}") = "textFrequencies", "textFrequencies\textFrequencies.pyproj", "{23AFCFB6-7E0B-485B-81DA-56528C4ADC36}"
EndProject
Global
	GlobalSection(SolutionConfigurationPlatforms) = preSolution
		Debug|Any CPU = Debug|Any CPU
		Release|Any CPU = Release|Any CPU
	EndGlobalSection
	GlobalSection(ProjectConfigurationPlatforms) = postSolution
		{23AFCFB6-7E0B-485B-81DA-56528C4ADC36}.Debug|Any CPU.ActiveCfg = Debug|Any CPU
		{23AFCFB6-7E0B-485B-81DA-56528C4ADC36}.Release|Any CPU.ActiveCfg = Release|Any CPU
	EndGlobalSection
	GlobalSection(SolutionProperties) = preSolution
		HideSolutionNode = FALSE
	EndGlobalSection
	GlobalSection(ExtensibilityGlobals) = postSolution
		SolutionGuid = {313E8B1A-9B64-4068-9D62-67C2C6703601}
	EndGlobalSection
EndGlobal
